{
  "name": "pantheon",
  "version": "1.0.0",
  "lockfileVersion": 1,
  "requires": true,
  "dependencies": {
    "lazysizes": {
      "version": "5.1.1",
      "resolved": "https://registry.npmjs.org/lazysizes/-/lazysizes-5.1.1.tgz",
      "integrity": "sha512-UCbdRSsozjlS6r56dPMFXX+AW2t8G0duRKxQDwvEpNTrWOHQo56YlTx5ssT7epU87PoruF1q9tvW3kSbQjorMw=="
    },
    "normalize.css": {
      "version": "8.0.1",
      "resolved": "https://registry.npmjs.org/normalize.css/-/normalize.css-8.0.1.tgz",
      "integrity": "sha512-qizSNPO93t1YUuUhP22btGOo3chcvDFqFaj2TRybP0DMxkHOCTYwp3n34fel4a31ORXy4m1Xq0Gyqpb5m33qIg=="
    },
    "siema": {
      "version": "1.5.1",
      "resolved": "https://registry.npmjs.org/siema/-/siema-1.5.1.tgz",
      "integrity": "sha1-7/MSt36DQPpNgdXQU+u+uRE/+Ig="
    }
  }
}
